
Microsoft Visual Studio Solution File, Format Version 12.00
# Visual Studio Version 17
VisualStudioVersion = 17.9.34607.119
MinimumVisualStudioVersion = 10.0.40219.1
Project("{FAE04EC0-301F-11D3-BF4B-00C04F79EFBC}") = "EnDec_File", "EnDec_File\EnDec_File.csproj", "{8B5BA134-6D85-4744-8090-BD339B4A5FDA}"
EndProject
Global
	GlobalSection(SolutionConfigurationPlatforms) = preSolution
		Debug|Any CPU = Debug|Any CPU
		Release|Any CPU = Release|Any CPU
	EndGlobalSection
	GlobalSection(ProjectConfigurationPlatforms) = postSolution
		{8B5BA134-6D85-4744-8090-BD339B4A5FDA}.Debug|Any CPU.ActiveCfg = Debug|Any CPU
		{8B5BA134-6D85-4744-8090-BD339B4A5FDA}.Debug|Any CPU.Build.0 = Debug|Any CPU
		{8B5BA134-6D85-4744-8090-BD339B4A5FDA}.Release|Any CPU.ActiveCfg = Release|Any CPU
		{8B5BA134-6D85-4744-8090-BD339B4A5FDA}.Release|Any CPU.Build.0 = Release|Any CPU
	EndGlobalSection
	GlobalSection(SolutionProperties) = preSolution
		HideSolutionNode = FALSE
	EndGlobalSection
	GlobalSection(ExtensibilityGlobals) = postSolution
		SolutionGuid = {E871ED64-CA0C-4831-B8BE-EF104E9159C5}
	EndGlobalSection
EndGlobal
